{
  "name": "dagger-locks-covenant",
  "version": "0.0.1",
  "lockfileVersion": 3,
  "requires": true,
  "packages": {
    "": {
      "name": "dagger-locks-covenant",
      "version": "0.0.1",
      "dependencies": {
        "@kronsdk/kron-sdk": "file:../kron-service/node_modules/@kronsdk/kron-sdk",
        "kaspa": "file:../kron-service/node_modules/@kronsdk/kron-sdk/vendor/kaspa"
      }
    },
    "../kron-service/node_modules/@kronsdk/kron-sdk": {
      "version": "0.14.0",
      "license": "MIT",
      "devDependencies": {
        "@types/node": "^26.0.1",
        "tsup": "^8.3.5",
        "typescript": "^5.6.3",
        "vitest": "^2.1.8"
      },
      "engines": {
        "node": ">=20"
      }
    },
    "../kron-service/node_modules/@kronsdk/kron-sdk/vendor/kaspa": {
      "name": "kaspa-wasm",
      "version": "2.0.1",
      "license": "ISC"
    },
    "node_modules/@kronsdk/kron-sdk": {
      "resolved": "../kron-service/node_modules/@kronsdk/kron-sdk",
      "link": true
    },
    "node_modules/kaspa": {
      "resolved": "../kron-service/node_modules/@kronsdk/kron-sdk/vendor/kaspa",
      "link": true
    }
  }
}
